// !$*UTF8*$!
{
	archiveVersion = 1;
	classes = {
	};
	objectVersion = 56;
	objects = {

/* Begin PBXBuildFile section */
		62101D07298AA17200C7DA4D /* ArticleDetailViewController.swift in Sources */ = {isa = PBXBuildFile; fileRef = 62101D06298AA17200C7DA4D /* ArticleDetailViewController.swift */; };
		6214392A2988E4130098EBFF /* HeaderCollectionView.swift in Sources */ = {isa = PBXBuildFile; fileRef = 621439282988E4130098EBFF /* HeaderCollectionView.swift */; };
		62155897293F6322005F7F68 /* AppDelegate.swift in Sources */ = {isa = PBXBuildFile; fileRef = 62155896293F6322005F7F68 /* AppDelegate.swift */; };
		62155899293F6322005F7F68 /* SceneDelegate.swift in Sources */ = {isa = PBXBuildFile; fileRef = 62155898293F6322005F7F68 /* SceneDelegate.swift */; };
		6215589B293F6322005F7F68 /* BaseTabViewController.swift in Sources */ = {isa = PBXBuildFile; fileRef = 6215589A293F6322005F7F68 /* BaseTabViewController.swift */; };
		6215589E293F6322005F7F68 /* Main.storyboard in Resources */ = {isa = PBXBuildFile; fileRef = 6215589C293F6322005F7F68 /* Main.storyboard */; };
		621558A0293F6323005F7F68 /* Assets.xcassets in Resources */ = {isa = PBXBuildFile; fileRef = 6215589F293F6323005F7F68 /* Assets.xcassets */; };
		621558A3293F6323005F7F68 /* LaunchScreen.storyboard in Resources */ = {isa = PBXBuildFile; fileRef = 621558A1293F6323005F7F68 /* LaunchScreen.storyboard */; };
		623222082940E51F0071506A /* SettingsViewController.swift in Sources */ = {isa = PBXBuildFile; fileRef = 623222072940E51F0071506A /* SettingsViewController.swift */; };
		6232220A2940E52C0071506A /* ToDoListViewController.swift in Sources */ = {isa = PBXBuildFile; fileRef = 623222092940E52C0071506A /* ToDoListViewController.swift */; };
		6232220C2940E5370071506A /* CalenderViewController.swift in Sources */ = {isa = PBXBuildFile; fileRef = 6232220B2940E5370071506A /* CalenderViewController.swift */; };
		62322210294114260071506A /* TodoTableViewCell.swift in Sources */ = {isa = PBXBuildFile; fileRef = 6232220E294114260071506A /* TodoTableViewCell.swift */; };
		62322211294114260071506A /* TodoTableViewCell.xib in Resources */ = {isa = PBXBuildFile; fileRef = 6232220F294114260071506A /* TodoTableViewCell.xib */; };
		62381D8F2989976C008231DE /* ArticleCollectionViewCell.swift in Sources */ = {isa = PBXBuildFile; fileRef = 62381D8D2989976C008231DE /* ArticleCollectionViewCell.swift */; };
		62381D902989976C008231DE /* ArticleCollectionViewCell.xib in Resources */ = {isa = PBXBuildFile; fileRef = 62381D8E2989976C008231DE /* ArticleCollectionViewCell.xib */; };
		6248597F294DDDEA0023E89E /* FirebaseAnalytics in Frameworks */ = {isa = PBXBuildFile; productRef = 6248597E294DDDEA0023E89E /* FirebaseAnalytics */; };
		626E5E8C294355D500AC09BE /* FeedBackViewController.swift in Sources */ = {isa = PBXBuildFile; fileRef = 626E5E8B294355D500AC09BE /* FeedBackViewController.swift */; };
		626E5E8F294357EF00AC09BE /* ProfileViewController.swift in Sources */ = {isa = PBXBuildFile; fileRef = 626E5E8E294357EF00AC09BE /* ProfileViewController.swift */; };
		6270FBFB2983B1880049FAF2 /* StartViewController.swift in Sources */ = {isa = PBXBuildFile; fileRef = 6270FBFA2983B1880049FAF2 /* StartViewController.swift */; };
		6270FC022983B1FA0049FAF2 /* Goal+CoreDataClass.swift in Sources */ = {isa = PBXBuildFile; fileRef = 6270FBFE2983B1FA0049FAF2 /* Goal+CoreDataClass.swift */; };
		6270FC032983B1FA0049FAF2 /* Goal+CoreDataProperties.swift in Sources */ = {isa = PBXBuildFile; fileRef = 6270FBFF2983B1FA0049FAF2 /* Goal+CoreDataProperties.swift */; };
		6270FC072983B5770049FAF2 /* Time+CoreDataClass.swift in Sources */ = {isa = PBXBuildFile; fileRef = 6270FC052983B5770049FAF2 /* Time+CoreDataClass.swift */; };
		6270FC082983B5770049FAF2 /* Time+CoreDataProperties.swift in Sources */ = {isa = PBXBuildFile; fileRef = 6270FC062983B5770049FAF2 /* Time+CoreDataProperties.swift */; };
		6274A48F2944CEF6001B8C1D /* FAQViewController.swift in Sources */ = {isa = PBXBuildFile; fileRef = 6274A48E2944CEF6001B8C1D /* FAQViewController.swift */; };
		6274A49329464A2B001B8C1D /* FAQTableViewCell.swift in Sources */ = {isa = PBXBuildFile; fileRef = 6274A49129464A2B001B8C1D /* FAQTableViewCell.swift */; };
		6274A49429464A2B001B8C1D /* FAQTableViewCell.xib in Resources */ = {isa = PBXBuildFile; fileRef = 6274A49229464A2B001B8C1D /* FAQTableViewCell.xib */; };
		6287E78E2949CCFC0050A328 /* CalendarCollectionViewCell.swift in Sources */ = {isa = PBXBuildFile; fileRef = 6287E78D2949CCFC0050A328 /* CalendarCollectionViewCell.swift */; };
		6296B39E2987FDA8006FD1D5 /* Extensions+UIView.swift in Sources */ = {isa = PBXBuildFile; fileRef = 6296B39D2987FDA8006FD1D5 /* Extensions+UIView.swift */; };
		6296B3A0298806EC006FD1D5 /* StretchyHeaderLayout.swift in Sources */ = {isa = PBXBuildFile; fileRef = 6296B39F298806EC006FD1D5 /* StretchyHeaderLayout.swift */; };
		629E88962970024200BBE1CA /* Anotherme.xcdatamodeld in Sources */ = {isa = PBXBuildFile; fileRef = 629E88942970024200BBE1CA /* Anotherme.xcdatamodeld */; };
		62DCAF992987F4DE0018A394 /* ArticleCollectionViewController.swift in Sources */ = {isa = PBXBuildFile; fileRef = 62DCAF982987F4DE0018A394 /* ArticleCollectionViewController.swift */; };
		62E516602942459900567166 /* SettingsTableViewCell.swift in Sources */ = {isa = PBXBuildFile; fileRef = 62E5165E2942459900567166 /* SettingsTableViewCell.swift */; };
		62E516612942459900567166 /* SettingsTableViewCell.xib in Resources */ = {isa = PBXBuildFile; fileRef = 62E5165F2942459900567166 /* SettingsTableViewCell.xib */; };
		62FE4883294C6F7500E61018 /* GoogleService-Info.plist in Resources */ = {isa = PBXBuildFile; fileRef = 62FE4882294C6F7500E61018 /* GoogleService-Info.plist */; };
/* End PBXBuildFile section */

/* Begin PBXFileReference section */
		62101D06298AA17200C7DA4D /* ArticleDetailViewController.swift */ = {isa = PBXFileReference; lastKnownFileType = sourcecode.swift; path = ArticleDetailViewController.swift; sourceTree = "<group>"; };
		621439282988E4130098EBFF /* HeaderCollectionView.swift */ = {isa = PBXFileReference; lastKnownFileType = sourcecode.swift; path = HeaderCollectionView.swift; sourceTree = "<group>"; };
		62155893293F6322005F7F68 /* AnotherMe - 90 Days Challange.app */ = {isa = PBXFileReference; explicitFileType = wrapper.application; includeInIndex = 0; path = "AnotherMe - 90 Days Challange.app"; sourceTree = BUILT_PRODUCTS_DIR; };
		62155896293F6322005F7F68 /* AppDelegate.swift */ = {isa = PBXFileReference; lastKnownFileType = sourcecode.swift; path = AppDelegate.swift; sourceTree = "<group>"; };
		62155898293F6322005F7F68 /* SceneDelegate.swift */ = {isa = PBXFileReference; lastKnownFileType = sourcecode.swift; path = SceneDelegate.swift; sourceTree = "<group>"; };
		6215589A293F6322005F7F68 /* BaseTabViewController.swift */ = {isa = PBXFileReference; lastKnownFileType = sourcecode.swift; path = BaseTabViewController.swift; sourceTree = "<group>"; };
		6215589D293F6322005F7F68 /* Base */ = {isa = PBXFileReference; lastKnownFileType = file.storyboard; name = Base; path = Base.lproj/Main.storyboard; sourceTree = "<group>"; };
		6215589F293F6323005F7F68 /* Assets.xcassets */ = {isa = PBXFileReference; lastKnownFileType = folder.assetcatalog; path = Assets.xcassets; sourceTree = "<group>"; };
		621558A2293F6323005F7F68 /* Base */ = {isa = PBXFileReference; lastKnownFileType = file.storyboard; name = Base; path = Base.lproj/LaunchScreen.storyboard; sourceTree = "<group>"; };
		621558A4293F6323005F7F68 /* Info.plist */ = {isa = PBXFileReference; lastKnownFileType = text.plist.xml; path = Info.plist; sourceTree = "<group>"; };
		623222072940E51F0071506A /* SettingsViewController.swift */ = {isa = PBXFileReference; lastKnownFileType = sourcecode.swift; path = SettingsViewController.swift; sourceTree = "<group>"; };
		623222092940E52C0071506A /* ToDoListViewController.swift */ = {isa = PBXFileReference; lastKnownFileType = sourcecode.swift; path = ToDoListViewController.swift; sourceTree = "<group>"; };
		6232220B2940E5370071506A /* CalenderViewController.swift */ = {isa = PBXFileReference; lastKnownFileType = sourcecode.swift; path = CalenderViewController.swift; sourceTree = "<group>"; };
		6232220E294114260071506A /* TodoTableViewCell.swift */ = {isa = PBXFileReference; lastKnownFileType = sourcecode.swift; path = TodoTableViewCell.swift; sourceTree = "<group>"; };
		6232220F294114260071506A /* TodoTableViewCell.xib */ = {isa = PBXFileReference; lastKnownFileType = file.xib; path = TodoTableViewCell.xib; sourceTree = "<group>"; };
		62381D8D2989976C008231DE /* ArticleCollectionViewCell.swift */ = {isa = PBXFileReference; lastKnownFileType = sourcecode.swift; path = ArticleCollectionViewCell.swift; sourceTree = "<group>"; };
		62381D8E2989976C008231DE /* ArticleCollectionViewCell.xib */ = {isa = PBXFileReference; lastKnownFileType = file.xib; path = ArticleCollectionViewCell.xib; sourceTree = "<group>"; };
		626E5E8B294355D500AC09BE /* FeedBackViewController.swift */ = {isa = PBXFileReference; lastKnownFileType = sourcecode.swift; path = FeedBackViewController.swift; sourceTree = "<group>"; };
		626E5E8E294357EF00AC09BE /* ProfileViewController.swift */ = {isa = PBXFileReference; lastKnownFileType = sourcecode.swift; path = ProfileViewController.swift; sourceTree = "<group>"; };
		6270FBFA2983B1880049FAF2 /* StartViewController.swift */ = {isa = PBXFileReference; lastKnownFileType = sourcecode.swift; path = StartViewController.swift; sourceTree = "<group>"; };
		6270FBFE2983B1FA0049FAF2 /* Goal+CoreDataClass.swift */ = {isa = PBXFileReference; lastKnownFileType = sourcecode.swift; path = "Goal+CoreDataClass.swift"; sourceTree = "<group>"; };
		6270FBFF2983B1FA0049FAF2 /* Goal+CoreDataProperties.swift */ = {isa = PBXFileReference; lastKnownFileType = sourcecode.swift; path = "Goal+CoreDataProperties.swift"; sourceTree = "<group>"; };
		6270FC052983B5770049FAF2 /* Time+CoreDataClass.swift */ = {isa = PBXFileReference; lastKnownFileType = sourcecode.swift; path = "Time+CoreDataClass.swift"; sourceTree = "<group>"; };
		6270FC062983B5770049FAF2 /* Time+CoreDataProperties.swift */ = {isa = PBXFileReference; lastKnownFileType = sourcecode.swift; path = "Time+CoreDataProperties.swift"; sourceTree = "<group>"; };
		6274A48E2944CEF6001B8C1D /* FAQViewController.swift */ = {isa = PBXFileReference; lastKnownFileType = sourcecode.swift; path = FAQViewController.swift; sourceTree = "<group>"; };
		6274A49129464A2B001B8C1D /* FAQTableViewCell.swift */ = {isa = PBXFileReference; lastKnownFileType = sourcecode.swift; path = FAQTableViewCell.swift; sourceTree = "<group>"; };
		6274A49229464A2B001B8C1D /* FAQTableViewCell.xib */ = {isa = PBXFileReference; lastKnownFileType = file.xib; path = FAQTableViewCell.xib; sourceTree = "<group>"; };
		6287E78D2949CCFC0050A328 /* CalendarCollectionViewCell.swift */ = {isa = PBXFileReference; lastKnownFileType = sourcecode.swift; path = CalendarCollectionViewCell.swift; sourceTree = "<group>"; };
		6296B39D2987FDA8006FD1D5 /* Extensions+UIView.swift */ = {isa = PBXFileReference; fileEncoding = 4; lastKnownFileType = sourcecode.swift; path = "Extensions+UIView.swift"; sourceTree = "<group>"; };
		6296B39F298806EC006FD1D5 /* StretchyHeaderLayout.swift */ = {isa = PBXFileReference; lastKnownFileType = sourcecode.swift; path = StretchyHeaderLayout.swift; sourceTree = "<group>"; };
		629E88952970024200BBE1CA /* Anotherme.xcdatamodel */ = {isa = PBXFileReference; lastKnownFileType = wrapper.xcdatamodel; path = Anotherme.xcdatamodel; sourceTree = "<group>"; };
		62DCAF982987F4DE0018A394 /* ArticleCollectionViewController.swift */ = {isa = PBXFileReference; lastKnownFileType = sourcecode.swift; path = ArticleCollectionViewController.swift; sourceTree = "<group>"; };
		62E5165E2942459900567166 /* SettingsTableViewCell.swift */ = {isa = PBXFileReference; lastKnownFileType = sourcecode.swift; path = SettingsTableViewCell.swift; sourceTree = "<group>"; };
		62E5165F2942459900567166 /* SettingsTableViewCell.xib */ = {isa = PBXFileReference; lastKnownFileType = file.xib; path = SettingsTableViewCell.xib; sourceTree = "<group>"; };
		62FE4882294C6F7500E61018 /* GoogleService-Info.plist */ = {isa = PBXFileReference; fileEncoding = 4; lastKnownFileType = text.plist.xml; path = "GoogleService-Info.plist"; sourceTree = "<group>"; };
/* End PBXFileReference section */

/* Begin PBXFrameworksBuildPhase section */
		62155890293F6322005F7F68 /* Frameworks */ = {
			isa = PBXFrameworksBuildPhase;
			buildActionMask = 2147483647;
			files = (
				6248597F294DDDEA0023E89E /* FirebaseAnalytics in Frameworks */,
			);
			runOnlyForDeploymentPostprocessing = 0;
		};
/* End PBXFrameworksBuildPhase section */

/* Begin PBXGroup section */
		6215588A293F6322005F7F68 = {
			isa = PBXGroup;
			children = (
				62155895293F6322005F7F68 /* AnotherMe - 90 Days Challange */,
				62155894293F6322005F7F68 /* Products */,
			);
			sourceTree = "<group>";
		};
		62155894293F6322005F7F68 /* Products */ = {
			isa = PBXGroup;
			children = (
				62155893293F6322005F7F68 /* AnotherMe - 90 Days Challange.app */,
			);
			name = Products;
			sourceTree = "<group>";
		};
		62155895293F6322005F7F68 /* AnotherMe - 90 Days Challange */ = {
			isa = PBXGroup;
			children = (
				6215589C293F6322005F7F68 /* Main.storyboard */,
				623222062940E4F30071506A /* Core */,
				6270FC042983B2070049FAF2 /* CoreData */,
				623222052940E4EB0071506A /* Views */,
				621558A4293F6323005F7F68 /* Info.plist */,
				62FE4882294C6F7500E61018 /* GoogleService-Info.plist */,
			);
			path = "AnotherMe - 90 Days Challange";
			sourceTree = "<group>";
		};
		623222052940E4EB0071506A /* Views */ = {
			isa = PBXGroup;
			children = (
				626E5E8D294357C600AC09BE /* ViewControllers */,
				6232220D294113FB0071506A /* CustomView */,
			);
			path = Views;
			sourceTree = "<group>";
		};
		623222062940E4F30071506A /* Core */ = {
			isa = PBXGroup;
			children = (
				62155896293F6322005F7F68 /* AppDelegate.swift */,
				62155898293F6322005F7F68 /* SceneDelegate.swift */,
				621558A1293F6323005F7F68 /* LaunchScreen.storyboard */,
				6215589F293F6323005F7F68 /* Assets.xcassets */,
				6296B39D2987FDA8006FD1D5 /* Extensions+UIView.swift */,
			);
			path = Core;
			sourceTree = "<group>";
		};
		6232220D294113FB0071506A /* CustomView */ = {
			isa = PBXGroup;
			children = (
				62D071752986C256001DDF87 /* ArticleCollectionView */,
				6274A49029464A12001B8C1D /* FAQTableView */,
				62E5165D2942458400567166 /* SettingTableView */,
				62E5165C2942457900567166 /* TodoTableView */,
				6287E78D2949CCFC0050A328 /* CalendarCollectionViewCell.swift */,
			);
			path = CustomView;
			sourceTree = "<group>";
		};
		62381D8C29899744008231DE /* ArticleCell */ = {
			isa = PBXGroup;
			children = (
				62381D8D2989976C008231DE /* ArticleCollectionViewCell.swift */,
				62381D8E2989976C008231DE /* ArticleCollectionViewCell.xib */,
			);
			path = ArticleCell;
			sourceTree = "<group>";
		};
		626E5E8D294357C600AC09BE /* ViewControllers */ = {
			isa = PBXGroup;
			children = (
				6215589A293F6322005F7F68 /* BaseTabViewController.swift */,
				623222072940E51F0071506A /* SettingsViewController.swift */,
				623222092940E52C0071506A /* ToDoListViewController.swift */,
				6232220B2940E5370071506A /* CalenderViewController.swift */,
				626E5E8B294355D500AC09BE /* FeedBackViewController.swift */,
				626E5E8E294357EF00AC09BE /* ProfileViewController.swift */,
				6274A48E2944CEF6001B8C1D /* FAQViewController.swift */,
				6270FBFA2983B1880049FAF2 /* StartViewController.swift */,
				62DCAF982987F4DE0018A394 /* ArticleCollectionViewController.swift */,
				62101D06298AA17200C7DA4D /* ArticleDetailViewController.swift */,
			);
			path = ViewControllers;
			sourceTree = "<group>";
		};
		6270FC042983B2070049FAF2 /* CoreData */ = {
			isa = PBXGroup;
			children = (
				6270FC052983B5770049FAF2 /* Time+CoreDataClass.swift */,
				6270FC062983B5770049FAF2 /* Time+CoreDataProperties.swift */,
				6270FBFE2983B1FA0049FAF2 /* Goal+CoreDataClass.swift */,
				6270FBFF2983B1FA0049FAF2 /* Goal+CoreDataProperties.swift */,
				629E88942970024200BBE1CA /* Anotherme.xcdatamodeld */,
			);
			path = CoreData;
			sourceTree = "<group>";
		};
		6274A49029464A12001B8C1D /* FAQTableView */ = {
			isa = PBXGroup;
			children = (
				6274A49129464A2B001B8C1D /* FAQTableViewCell.swift */,
				6274A49229464A2B001B8C1D /* FAQTableViewCell.xib */,
			);
			path = FAQTableView;
			sourceTree = "<group>";
		};
		6296B39A2987F704006FD1D5 /* Header */ = {
			isa = PBXGroup;
			children = (
				621439282988E4130098EBFF /* HeaderCollectionView.swift */,
				6296B39F298806EC006FD1D5 /* StretchyHeaderLayout.swift */,
			);
			path = Header;
			sourceTree = "<group>";
		};
		62D071752986C256001DDF87 /* ArticleCollectionView */ = {
			isa = PBXGroup;
			children = (
				62381D8C29899744008231DE /* ArticleCell */,
				6296B39A2987F704006FD1D5 /* Header */,
			);
			path = ArticleCollectionView;
			sourceTree = "<group>";
		};
		62E5165C2942457900567166 /* TodoTableView */ = {
			isa = PBXGroup;
			children = (
				6232220E294114260071506A /* TodoTableViewCell.swift */,
				6232220F294114260071506A /* TodoTableViewCell.xib */,
			);
			path = TodoTableView;
			sourceTree = "<group>";
		};
		62E5165D2942458400567166 /* SettingTableView */ = {
			isa = PBXGroup;
			children = (
				62E5165E2942459900567166 /* SettingsTableViewCell.swift */,
				62E5165F2942459900567166 /* SettingsTableViewCell.xib */,
			);
			path = SettingTableView;
			sourceTree = "<group>";
		};
/* End PBXGroup section */

/* Begin PBXNativeTarget section */
		62155892293F6322005F7F68 /* AnotherMe - 90 Days Challange */ = {
			isa = PBXNativeTarget;
			buildConfigurationList = 621558A7293F6323005F7F68 /* Build configuration list for PBXNativeTarget "AnotherMe - 90 Days Challange" */;
			buildPhases = (
				6215588F293F6322005F7F68 /* Sources */,
				62155890293F6322005F7F68 /* Frameworks */,
				62155891293F6322005F7F68 /* Resources */,
			);
			buildRules = (
			);
			dependencies = (
			);
			name = "AnotherMe - 90 Days Challange";
			packageProductDependencies = (
				6248597E294DDDEA0023E89E /* FirebaseAnalytics */,
			);
			productName = "AnotherMe - 90 Days Challange";
			productReference = 62155893293F6322005F7F68 /* AnotherMe - 90 Days Challange.app */;
			productType = "com.apple.product-type.application";
		};
/* End PBXNativeTarget section */

/* Begin PBXProject section */
		6215588B293F6322005F7F68 /* Project object */ = {
			isa = PBXProject;
			attributes = {
				BuildIndependentTargetsInParallel = 1;
				LastSwiftUpdateCheck = 1410;
				LastUpgradeCheck = 1410;
				TargetAttributes = {
					62155892293F6322005F7F68 = {
						CreatedOnToolsVersion = 14.1;
					};
				};
			};
			buildConfigurationList = 6215588E293F6322005F7F68 /* Build configuration list for PBXProject "AnotherMe - 90 Days Challange" */;
			compatibilityVersion = "Xcode 14.0";
			developmentRegion = en;
			hasScannedForEncodings = 0;
			knownRegions = (
				en,
				Base,
			);
			mainGroup = 6215588A293F6322005F7F68;
			packageReferences = (
				6248597D294DDDEA0023E89E /* XCRemoteSwiftPackageReference "firebase-ios-sdk" */,
			);
			productRefGroup = 62155894293F6322005F7F68 /* Products */;
			projectDirPath = "";
			projectRoot = "";
			targets = (
				62155892293F6322005F7F68 /* AnotherMe - 90 Days Challange */,
			);
		};
/* End PBXProject section */

/* Begin PBXResourcesBuildPhase section */
		62155891293F6322005F7F68 /* Resources */ = {
			isa = PBXResourcesBuildPhase;
			buildActionMask = 2147483647;
			files = (
				621558A3293F6323005F7F68 /* LaunchScreen.storyboard in Resources */,
				62381D902989976C008231DE /* ArticleCollectionViewCell.xib in Resources */,
				621558A0293F6323005F7F68 /* Assets.xcassets in Resources */,
				6215589E293F6322005F7F68 /* Main.storyboard in Resources */,
				62E516612942459900567166 /* SettingsTableViewCell.xib in Resources */,
				6274A49429464A2B001B8C1D /* FAQTableViewCell.xib in Resources */,
				62322211294114260071506A /* TodoTableViewCell.xib in Resources */,
				62FE4883294C6F7500E61018 /* GoogleService-Info.plist in Resources */,
			);
			runOnlyForDeploymentPostprocessing = 0;
		};
/* End PBXResourcesBuildPhase section */

/* Begin PBXSourcesBuildPhase section */
		6215588F293F6322005F7F68 /* Sources */ = {
			isa = PBXSourcesBuildPhase;
			buildActionMask = 2147483647;
			files = (
				6296B39E2987FDA8006FD1D5 /* Extensions+UIView.swift in Sources */,
				62322210294114260071506A /* TodoTableViewCell.swift in Sources */,
				626E5E8C294355D500AC09BE /* FeedBackViewController.swift in Sources */,
				6214392A2988E4130098EBFF /* HeaderCollectionView.swift in Sources */,
				6287E78E2949CCFC0050A328 /* CalendarCollectionViewCell.swift in Sources */,
				6270FC032983B1FA0049FAF2 /* Goal+CoreDataProperties.swift in Sources */,
				6232220C2940E5370071506A /* CalenderViewController.swift in Sources */,
				62DCAF992987F4DE0018A394 /* ArticleCollectionViewController.swift in Sources */,
				6270FC082983B5770049FAF2 /* Time+CoreDataProperties.swift in Sources */,
				62101D07298AA17200C7DA4D /* ArticleDetailViewController.swift in Sources */,
				62E516602942459900567166 /* SettingsTableViewCell.swift in Sources */,
				6274A48F2944CEF6001B8C1D /* FAQViewController.swift in Sources */,
				6270FC072983B5770049FAF2 /* Time+CoreDataClass.swift in Sources */,
				6296B3A0298806EC006FD1D5 /* StretchyHeaderLayout.swift in Sources */,
				6215589B293F6322005F7F68 /* BaseTabViewController.swift in Sources */,
				62155897293F6322005F7F68 /* AppDelegate.swift in Sources */,
				629E88962970024200BBE1CA /* Anotherme.xcdatamodeld in Sources */,
				626E5E8F294357EF00AC09BE /* ProfileViewController.swift in Sources */,
				6270FBFB2983B1880049FAF2 /* StartViewController.swift in Sources */,
				6274A49329464A2B001B8C1D /* FAQTableViewCell.swift in Sources */,
				6270FC022983B1FA0049FAF2 /* Goal+CoreDataClass.swift in Sources */,
				623222082940E51F0071506A /* SettingsViewController.swift in Sources */,
				62381D8F2989976C008231DE /* ArticleCollectionViewCell.swift in Sources */,
				6232220A2940E52C0071506A /* ToDoListViewController.swift in Sources */,
				62155899293F6322005F7F68 /* SceneDelegate.swift in Sources */,
			);
			runOnlyForDeploymentPostprocessing = 0;
		};
/* End PBXSourcesBuildPhase section */

/* Begin PBXVariantGroup section */
		6215589C293F6322005F7F68 /* Main.storyboard */ = {
			isa = PBXVariantGroup;
			children = (
				6215589D293F6322005F7F68 /* Base */,
			);
			name = Main.storyboard;
			sourceTree = "<group>";
		};
		621558A1293F6323005F7F68 /* LaunchScreen.storyboard */ = {
			isa = PBXVariantGroup;
			children = (
				621558A2293F6323005F7F68 /* Base */,
			);
			name = LaunchScreen.storyboard;
			sourceTree = "<group>";
		};
/* End PBXVariantGroup section */

/* Begin XCBuildConfiguration section */
		621558A5293F6323005F7F68 /* Debug */ = {
			isa = XCBuildConfiguration;
			buildSettings = {
				ALWAYS_SEARCH_USER_PATHS = NO;
				CLANG_ANALYZER_NONNULL = YES;
				CLANG_ANALYZER_NUMBER_OBJECT_CONVERSION = YES_AGGRESSIVE;
				CLANG_CXX_LANGUAGE_STANDARD = "gnu++20";
				CLANG_ENABLE_MODULES = YES;
				CLANG_ENABLE_OBJC_ARC = YES;
				CLANG_ENABLE_OBJC_WEAK = YES;
				CLANG_WARN_BLOCK_CAPTURE_AUTORELEASING = YES;
				CLANG_WARN_BOOL_CONVERSION = YES;
				CLANG_WARN_COMMA = YES;
				CLANG_WARN_CONSTANT_CONVERSION = YES;
				CLANG_WARN_DEPRECATED_OBJC_IMPLEMENTATIONS = YES;
				CLANG_WARN_DIRECT_OBJC_ISA_USAGE = YES_ERROR;
				CLANG_WARN_DOCUMENTATION_COMMENTS = YES;
				CLANG_WARN_EMPTY_BODY = YES;
				CLANG_WARN_ENUM_CONVERSION = YES;
				CLANG_WARN_INFINITE_RECURSION = YES;
				CLANG_WARN_INT_CONVERSION = YES;
				CLANG_WARN_NON_LITERAL_NULL_CONVERSION = YES;
				CLANG_WARN_OBJC_IMPLICIT_RETAIN_SELF = YES;
				CLANG_WARN_OBJC_LITERAL_CONVERSION = YES;
				CLANG_WARN_OBJC_ROOT_CLASS = YES_ERROR;
				CLANG_WARN_QUOTED_INCLUDE_IN_FRAMEWORK_HEADER = YES;
				CLANG_WARN_RANGE_LOOP_ANALYSIS = YES;
				CLANG_WARN_STRICT_PROTOTYPES = YES;
				CLANG_WARN_SUSPICIOUS_MOVE = YES;
				CLANG_WARN_UNGUARDED_AVAILABILITY = YES_AGGRESSIVE;
				CLANG_WARN_UNREACHABLE_CODE = YES;
				CLANG_WARN__DUPLICATE_METHOD_MATCH = YES;
				COPY_PHASE_STRIP = NO;
				DEBUG_INFORMATION_FORMAT = dwarf;
				ENABLE_STRICT_OBJC_MSGSEND = YES;
				ENABLE_TESTABILITY = YES;
				GCC_C_LANGUAGE_STANDARD = gnu11;
				GCC_DYNAMIC_NO_PIC = NO;
				GCC_NO_COMMON_BLOCKS = YES;
				GCC_OPTIMIZATION_LEVEL = 0;
				GCC_PREPROCESSOR_DEFINITIONS = (
					"DEBUG=1",
					"$(inherited)",
				);
				GCC_WARN_64_TO_32_BIT_CONVERSION = YES;
				GCC_WARN_ABOUT_RETURN_TYPE = YES_ERROR;
				GCC_WARN_UNDECLARED_SELECTOR = YES;
				GCC_WARN_UNINITIALIZED_AUTOS = YES_AGGRESSIVE;
				GCC_WARN_UNUSED_FUNCTION = YES;
				GCC_WARN_UNUSED_VARIABLE = YES;
				IPHONEOS_DEPLOYMENT_TARGET = 16.1;
				MTL_ENABLE_DEBUG_INFO = INCLUDE_SOURCE;
				MTL_FAST_MATH = YES;
				ONLY_ACTIVE_ARCH = YES;
				SDKROOT = iphoneos;
				SWIFT_ACTIVE_COMPILATION_CONDITIONS = DEBUG;
				SWIFT_OPTIMIZATION_LEVEL = "-Onone";
			};
			name = Debug;
		};
		621558A6293F6323005F7F68 /* Release */ = {
			isa = XCBuildConfiguration;
			buildSettings = {
				ALWAYS_SEARCH_USER_PATHS = NO;
				CLANG_ANALYZER_NONNULL = YES;
				CLANG_ANALYZER_NUMBER_OBJECT_CONVERSION = YES_AGGRESSIVE;
				CLANG_CXX_LANGUAGE_STANDARD = "gnu++20";
				CLANG_ENABLE_MODULES = YES;
				CLANG_ENABLE_OBJC_ARC = YES;
				CLANG_ENABLE_OBJC_WEAK = YES;
				CLANG_WARN_BLOCK_CAPTURE_AUTORELEASING = YES;
				CLANG_WARN_BOOL_CONVERSION = YES;
				CLANG_WARN_COMMA = YES;
				CLANG_WARN_CONSTANT_CONVERSION = YES;
				CLANG_WARN_DEPRECATED_OBJC_IMPLEMENTATIONS = YES;
				CLANG_WARN_DIRECT_OBJC_ISA_USAGE = YES_ERROR;
				CLANG_WARN_DOCUMENTATION_COMMENTS = YES;
				CLANG_WARN_EMPTY_BODY = YES;
				CLANG_WARN_ENUM_CONVERSION = YES;
				CLANG_WARN_INFINITE_RECURSION = YES;
				CLANG_WARN_INT_CONVERSION = YES;
				CLANG_WARN_NON_LITERAL_NULL_CONVERSION = YES;
				CLANG_WARN_OBJC_IMPLICIT_RETAIN_SELF = YES;
				CLANG_WARN_OBJC_LITERAL_CONVERSION = YES;
				CLANG_WARN_OBJC_ROOT_CLASS = YES_ERROR;
				CLANG_WARN_QUOTED_INCLUDE_IN_FRAMEWORK_HEADER = YES;
				CLANG_WARN_RANGE_LOOP_ANALYSIS = YES;
				CLANG_WARN_STRICT_PROTOTYPES = YES;
				CLANG_WARN_SUSPICIOUS_MOVE = YES;
				CLANG_WARN_UNGUARDED_AVAILABILITY = YES_AGGRESSIVE;
				CLANG_WARN_UNREACHABLE_CODE = YES;
				CLANG_WARN__DUPLICATE_METHOD_MATCH = YES;
				COPY_PHASE_STRIP = NO;
				DEBUG_INFORMATION_FORMAT = "dwarf-with-dsym";
				ENABLE_NS_ASSERTIONS = NO;
				ENABLE_STRICT_OBJC_MSGSEND = YES;
				GCC_C_LANGUAGE_STANDARD = gnu11;
				GCC_NO_COMMON_BLOCKS = YES;
				GCC_WARN_64_TO_32_BIT_CONVERSION = YES;
				GCC_WARN_ABOUT_RETURN_TYPE = YES_ERROR;
				GCC_WARN_UNDECLARED_SELECTOR = YES;
				GCC_WARN_UNINITIALIZED_AUTOS = YES_AGGRESSIVE;
				GCC_WARN_UNUSED_FUNCTION = YES;
				GCC_WARN_UNUSED_VARIABLE = YES;
				IPHONEOS_DEPLOYMENT_TARGET = 16.1;
				MTL_ENABLE_DEBUG_INFO = NO;
				MTL_FAST_MATH = YES;
				SDKROOT = iphoneos;
				SWIFT_COMPILATION_MODE = wholemodule;
				SWIFT_OPTIMIZATION_LEVEL = "-O";
				VALIDATE_PRODUCT = YES;
			};
			name = Release;
		};
		621558A8293F6323005F7F68 /* Debug */ = {
			isa = XCBuildConfiguration;
			buildSettings = {
				ASSETCATALOG_COMPILER_APPICON_NAME = AppIcon;
				ASSETCATALOG_COMPILER_GLOBAL_ACCENT_COLOR_NAME = AccentColor;
				CODE_SIGN_STYLE = Automatic;
				CURRENT_PROJECT_VERSION = 1;
				DEVELOPMENT_TEAM = C6J725SUHU;
				GENERATE_INFOPLIST_FILE = YES;
				INFOPLIST_FILE = "AnotherMe - 90 Days Challange/Info.plist";
				INFOPLIST_KEY_NSPhotoLibraryUsageDescription = "We need access to upload your profile photo.";
				INFOPLIST_KEY_UIApplicationSupportsIndirectInputEvents = YES;
				INFOPLIST_KEY_UILaunchStoryboardName = LaunchScreen;
				INFOPLIST_KEY_UIMainStoryboardFile = Main;
				INFOPLIST_KEY_UISupportedInterfaceOrientations = UIInterfaceOrientationPortrait;
				IPHONEOS_DEPLOYMENT_TARGET = 13.0;
				LD_RUNPATH_SEARCH_PATHS = (
					"$(inherited)",
					"@executable_path/Frameworks",
				);
				MARKETING_VERSION = 0.1.0;
				PRODUCT_BUNDLE_IDENTIFIER = "safaktepemert.AnotherMe---90-Days-Challange";
				PRODUCT_NAME = "$(TARGET_NAME)";
				SUPPORTED_PLATFORMS = "iphoneos iphonesimulator";
				SUPPORTS_MACCATALYST = NO;
				SUPPORTS_MAC_DESIGNED_FOR_IPHONE_IPAD = NO;
				SWIFT_EMIT_LOC_STRINGS = YES;
				SWIFT_VERSION = 5.0;
				TARGETED_DEVICE_FAMILY = "1,2";
			};
			name = Debug;
		};
		621558A9293F6323005F7F68 /* Release */ = {
			isa = XCBuildConfiguration;
			buildSettings = {
				ASSETCATALOG_COMPILER_APPICON_NAME = AppIcon;
				ASSETCATALOG_COMPILER_GLOBAL_ACCENT_COLOR_NAME = AccentColor;
				CODE_SIGN_STYLE = Automatic;
				CURRENT_PROJECT_VERSION = 1;
				DEVELOPMENT_TEAM = C6J725SUHU;
				GENERATE_INFOPLIST_FILE = YES;
				INFOPLIST_FILE = "AnotherMe - 90 Days Challange/Info.plist";
				INFOPLIST_KEY_NSPhotoLibraryUsageDescription = "We need access to upload your profile photo.";
				INFOPLIST_KEY_UIApplicationSupportsIndirectInputEvents = YES;
				INFOPLIST_KEY_UILaunchStoryboardName = LaunchScreen;
				INFOPLIST_KEY_UIMainStoryboardFile = Main;
				INFOPLIST_KEY_UISupportedInterfaceOrientations = UIInterfaceOrientationPortrait;
				IPHONEOS_DEPLOYMENT_TARGET = 13.0;
				LD_RUNPATH_SEARCH_PATHS = (
					"$(inherited)",
					"@executable_path/Frameworks",
				);
				MARKETING_VERSION = 0.1.0;
				PRODUCT_BUNDLE_IDENTIFIER = "safaktepemert.AnotherMe---90-Days-Challange";
				PRODUCT_NAME = "$(TARGET_NAME)";
				SUPPORTED_PLATFORMS = "iphoneos iphonesimulator";
				SUPPORTS_MACCATALYST = NO;
				SUPPORTS_MAC_DESIGNED_FOR_IPHONE_IPAD = NO;
				SWIFT_EMIT_LOC_STRINGS = YES;
				SWIFT_VERSION = 5.0;
				TARGETED_DEVICE_FAMILY = "1,2";
			};
			name = Release;
		};
/* End XCBuildConfiguration section */

/* Begin XCConfigurationList section */
		6215588E293F6322005F7F68 /* Build configuration list for PBXProject "AnotherMe - 90 Days Challange" */ = {
			isa = XCConfigurationList;
			buildConfigurations = (
				621558A5293F6323005F7F68 /* Debug */,
				621558A6293F6323005F7F68 /* Release */,
			);
			defaultConfigurationIsVisible = 0;
			defaultConfigurationName = Release;
		};
		621558A7293F6323005F7F68 /* Build configuration list for PBXNativeTarget "AnotherMe - 90 Days Challange" */ = {
			isa = XCConfigurationList;
			buildConfigurations = (
				621558A8293F6323005F7F68 /* Debug */,
				621558A9293F6323005F7F68 /* Release */,
			);
			defaultConfigurationIsVisible = 0;
			defaultConfigurationName = Release;
		};
/* End XCConfigurationList section */

/* Begin XCRemoteSwiftPackageReference section */
		6248597D294DDDEA0023E89E /* XCRemoteSwiftPackageReference "firebase-ios-sdk" */ = {
			isa = XCRemoteSwiftPackageReference;
			repositoryURL = "https://github.com/firebase/firebase-ios-sdk";
			requirement = {
				kind = upToNextMajorVersion;
				minimumVersion = 9.0.0;
			};
		};
/* End XCRemoteSwiftPackageReference section */

/* Begin XCSwiftPackageProductDependency section */
		6248597E294DDDEA0023E89E /* FirebaseAnalytics */ = {
			isa = XCSwiftPackageProductDependency;
			package = 6248597D294DDDEA0023E89E /* XCRemoteSwiftPackageReference "firebase-ios-sdk" */;
			productName = FirebaseAnalytics;
		};
/* End XCSwiftPackageProductDependency section */

/* Begin XCVersionGroup section */
		629E88942970024200BBE1CA /* Anotherme.xcdatamodeld */ = {
			isa = XCVersionGroup;
			children = (
				629E88952970024200BBE1CA /* Anotherme.xcdatamodel */,
			);
			currentVersion = 629E88952970024200BBE1CA /* Anotherme.xcdatamodel */;
			path = Anotherme.xcdatamodeld;
			sourceTree = "<group>";
			versionGroupType = wrapper.xcdatamodel;
		};
/* End XCVersionGroup section */
	};
	rootObject = 6215588B293F6322005F7F68 /* Project object */;
}
